<?xml version="1.0" encoding="utf-8"?>
<Project ToolsVersion="4.0" xmlns="http://schemas.microsoft.com/developer/msbuild/2003">
  <ItemGroup>
    <ClCompile Include="Device\Input.cpp" />
    <ClCompile Include="main.cpp" />
    <ClCompile Include="Support\CWindow.cpp" />
    <ClCompile Include="Scene\SceneManager.cpp" />
    <ClCompile Include="Math\Vector3.cpp" />
    <ClCompile Include="GameBase\GameManager.cpp" />
    <ClCompile Include="Scene\Title.cpp" />
    <ClCompile Include="Scene\Ending.cpp" />
    <ClCompile Include="Scene\GamePlay.cpp" />
    <ClCompile Include="Device\Renderer.cpp" />
    <ClCompile Include="Math\Vector2.cpp" />
    <ClCompile Include="Device\Loader\TextuerLoad.cpp" />
    <ClCompile Include="Actor\Player\Player.cpp" />
    <ClCompile Include="Actor\Bulletes\Bullet.cpp" />
    <ClCompile Include="Actor\Enemies\Enemy.cpp" />
    <ClCompile Include="Scene\LoadScene.cpp" />
    <ClCompile Include="Actor\CharaManager\BaseObject.cpp" />
    <ClCompile Include="Actor\CharaManager\CharactorManager.cpp" />
    <ClCompile Include="GameBase\GameTime.cpp" />
    <ClCompile Include="Utility\Timer.cpp" />
  </ItemGroup>
  <ItemGroup>
    <ClInclude Include="Device\Input.h" />
    <ClInclude Include="Support\CWindow.h" />
    <ClInclude Include="Scene\SceneManager.h" />
    <ClInclude Include="Scene\BaseScene.h" />
    <ClInclude Include="Support\Singleton.h" />
    <ClInclude Include="GameBase\WindowInfo.h" />
    <ClInclude Include="Math\Vector3.h" />
    <ClInclude Include="GameBase\GameManager.h" />
    <ClInclude Include="Scene\Title.h" />
    <ClInclude Include="Scene\GamePlay.h" />
    <ClInclude Include="Scene\Ending.h" />
    <ClInclude Include="Device\Renderer.h" />
    <ClInclude Include="Math\Vector2.h" />
    <ClInclude Include="Device\Loader\TextuerLoad.h" />
    <ClInclude Include="Actor\Player\Player.h" />
    <ClInclude Include="Actor\Bulletes\Bullet.h" />
    <ClInclude Include="Actor\Enemies\Enemy.h" />
    <ClInclude Include="Scene\LoadScene.h" />
    <ClInclude Include="Actor\CharaManager\CharactorManager.h" />
    <ClInclude Include="Actor\CharaManager\BaseObject.h" />
    <ClInclude Include="GameBase\GameTime.h" />
    <ClInclude Include="Utility\Timer.h" />
  </ItemGroup>
</Project>