<?xml version="1.0" encoding="utf-8"?>
<Project ToolsVersion="4.0" xmlns="http://schemas.microsoft.com/developer/msbuild/2003">
  <ItemGroup>
    <ClCompile Include="Device\Input.cpp" />

    <ClCompile Include="Player.cpp" />
    <ClCompile Include="Enemy.cpp" />
    <ClCompile Include="main.cpp" />
    <ClCompile Include="Bullet.cpp" />
    <ClCompile Include="GamePlayManager.cpp" />
    <ClCompile Include="Support\CWindow.cpp" />
    <ClCompile Include="Scene\SceneManager.cpp" />
    <ClCompile Include="Math\Vector3.cpp" />
    <ClCompile Include="GameBase\GameManager.cpp" />
    <ClCompile Include="Scene\Title.cpp" />
    <ClCompile Include="Scene\Ending.cpp" />
    <ClCompile Include="Scene\GamePlay.cpp" />
  </ItemGroup>
  <ItemGroup>
    <ClInclude Include="Device\Input.h" />

    <ClInclude Include="Player.h" />
    <ClInclude Include="Enemy.h" />
    <ClInclude Include="Bullet.h" />
    <ClInclude Include="GamePlayManager.h" />
    <ClInclude Include="Support\CWindow.h" />
    <ClInclude Include="Scene\SceneManager.h" />
    <ClInclude Include="Scene\BaseScene.h" />
    <ClInclude Include="Support\Singleton.h" />
    <ClInclude Include="GameBase\WindowInfo.h" />
    <ClInclude Include="Math\Vector3.h" />
    <ClInclude Include="GameBase\GameManager.h" />
    <ClInclude Include="Scene\Title.h" />
    <ClInclude Include="Scene\GamePlay.h" />
    <ClInclude Include="Scene\Ending.h" />
  </ItemGroup>
</Project>
